{
  "name": "gltf_viewer",
  "version": "0.0.1",
  "lockfileVersion": 1,
  "requires": true,
  "dependencies": {
    "three": {
      "version": "0.125.2",
      "resolved": "https://registry.npmjs.org/three/-/three-0.125.2.tgz",
      "integrity": "sha512-7rIRO23jVKWcAPFdW/HREU2NZMGWPBZ4XwEMt0Ak0jwLUKVJhcKM55eCBWyGZq/KiQbeo1IeuAoo/9l2dzhTXA=="
    },
    "xstate": {
      "version": "4.20.0",
      "resolved": "https://registry.npmjs.org/xstate/-/xstate-4.20.0.tgz",
      "integrity": "sha512-u5Ou1CMo/oWApasmv1TYTHgj38k69DJdTqQdBBwt+/ooNhPJQiSIKTB3Y3HvX0h5tulwfSo6xAwZgBgjRsK3LA=="
    }
  }
}
